
Microsoft Visual Studio Solution File, Format Version 12.00
# Visual Studio 15
VisualStudioVersion = 15.0.28307.572
MinimumVisualStudioVersion = 10.0.40219.1
Project("{FAE04EC0-301F-11D3-BF4B-00C04F79EFBC}") = "ClientRest_050_Adelina Yoga Eka Safira", "ClientRest_050_Adelina Yoga Eka Safira\ClientRest_050_Adelina Yoga Eka Safira.csproj", "{CC67612E-42F5-4656-82A0-4ABAE454946B}"
EndProject
Global
	GlobalSection(SolutionConfigurationPlatforms) = preSolution
		Debug|Any CPU = Debug|Any CPU
		Release|Any CPU = Release|Any CPU
	EndGlobalSection
	GlobalSection(ProjectConfigurationPlatforms) = postSolution
		{CC67612E-42F5-4656-82A0-4ABAE454946B}.Debug|Any CPU.ActiveCfg = Debug|Any CPU
		{CC67612E-42F5-4656-82A0-4ABAE454946B}.Debug|Any CPU.Build.0 = Debug|Any CPU
		{CC67612E-42F5-4656-82A0-4ABAE454946B}.Release|Any CPU.ActiveCfg = Release|Any CPU
		{CC67612E-42F5-4656-82A0-4ABAE454946B}.Release|Any CPU.Build.0 = Release|Any CPU
	EndGlobalSection
	GlobalSection(SolutionProperties) = preSolution
		HideSolutionNode = FALSE
	EndGlobalSection
	GlobalSection(ExtensibilityGlobals) = postSolution
		SolutionGuid = {33E3CE81-70D7-403D-BF14-97AEB492307D}
	EndGlobalSection
EndGlobal
